// !$*UTF8*$!
{
	archiveVersion = 1;
	classes = {
	};
	objectVersion = 55;
	objects = {

/* Begin PBXBuildFile section */
		35031E4528CE98E9000C2948 /* Extensions.swift in Sources */ = {isa = PBXBuildFile; fileRef = 35031E4428CE98E9000C2948 /* Extensions.swift */; };
		35031E4728CEAC3A000C2948 /* AuthButton.swift in Sources */ = {isa = PBXBuildFile; fileRef = 35031E4628CEAC3A000C2948 /* AuthButton.swift */; };
		35031E4928CEB6D7000C2948 /* SignUpController.swift in Sources */ = {isa = PBXBuildFile; fileRef = 35031E4828CEB6D7000C2948 /* SignUpController.swift */; };
		350327A628D660C600009B1E /* RideActionView.swift in Sources */ = {isa = PBXBuildFile; fileRef = 350327A528D660C600009B1E /* RideActionView.swift */; };
		350327A828D68FA700009B1E /* Trip.swift in Sources */ = {isa = PBXBuildFile; fileRef = 350327A728D68FA700009B1E /* Trip.swift */; };
		350327AA28D6AEDC00009B1E /* PickUpController.swift in Sources */ = {isa = PBXBuildFile; fileRef = 350327A928D6AEDC00009B1E /* PickUpController.swift */; };
		3534922328CD788C009D3668 /* AppDelegate.swift in Sources */ = {isa = PBXBuildFile; fileRef = 3534922228CD788C009D3668 /* AppDelegate.swift */; };
		3534922528CD788C009D3668 /* SceneDelegate.swift in Sources */ = {isa = PBXBuildFile; fileRef = 3534922428CD788C009D3668 /* SceneDelegate.swift */; };
		3534922A28CD788C009D3668 /* Main.storyboard in Resources */ = {isa = PBXBuildFile; fileRef = 3534922828CD788C009D3668 /* Main.storyboard */; };
		3534922C28CD788D009D3668 /* Assets.xcassets in Resources */ = {isa = PBXBuildFile; fileRef = 3534922B28CD788D009D3668 /* Assets.xcassets */; };
		3534922F28CD788D009D3668 /* LaunchScreen.storyboard in Resources */ = {isa = PBXBuildFile; fileRef = 3534922D28CD788D009D3668 /* LaunchScreen.storyboard */; };
		3534923D28CD7EA3009D3668 /* LoginController.swift in Sources */ = {isa = PBXBuildFile; fileRef = 3534923C28CD7EA3009D3668 /* LoginController.swift */; };
		356B6F3928CFFF1F00181DD0 /* HomeController.swift in Sources */ = {isa = PBXBuildFile; fileRef = 356B6F3828CFFF1F00181DD0 /* HomeController.swift */; };
		356B6F3B28D0119900181DD0 /* LocationInputActivationView.swift in Sources */ = {isa = PBXBuildFile; fileRef = 356B6F3A28D0119900181DD0 /* LocationInputActivationView.swift */; };
		356B6F3D28D01C2900181DD0 /* LocationInputView.swift in Sources */ = {isa = PBXBuildFile; fileRef = 356B6F3C28D01C2900181DD0 /* LocationInputView.swift */; };
		356B6F3F28D026F500181DD0 /* LocationCell.swift in Sources */ = {isa = PBXBuildFile; fileRef = 356B6F3E28D026F500181DD0 /* LocationCell.swift */; };
		356B6F4128D038F800181DD0 /* Service.swift in Sources */ = {isa = PBXBuildFile; fileRef = 356B6F4028D038F800181DD0 /* Service.swift */; };
		356B6F4328D043AF00181DD0 /* User.swift in Sources */ = {isa = PBXBuildFile; fileRef = 356B6F4228D043AF00181DD0 /* User.swift */; };
		356B6F4528D049D200181DD0 /* LocationHandler.swift in Sources */ = {isa = PBXBuildFile; fileRef = 356B6F4428D049D200181DD0 /* LocationHandler.swift */; };
		356B6F4728D1754F00181DD0 /* DriverAnnotation.swift in Sources */ = {isa = PBXBuildFile; fileRef = 356B6F4628D1754F00181DD0 /* DriverAnnotation.swift */; };
		3583594B28CFF58700D6C597 /* GoogleService-Info.plist in Resources */ = {isa = PBXBuildFile; fileRef = 3583594A28CFF58700D6C597 /* GoogleService-Info.plist */; };
		38920C6186003C104D426DD9 /* Pods_Uubbeerr.framework in Frameworks */ = {isa = PBXBuildFile; fileRef = 370F1B78B24C4C2D39BE107C /* Pods_Uubbeerr.framework */; };
/* End PBXBuildFile section */

/* Begin PBXFileReference section */
		1A2EB314EC49078441B76959 /* Pods-Uubbeerr.release.xcconfig */ = {isa = PBXFileReference; includeInIndex = 1; lastKnownFileType = text.xcconfig; name = "Pods-Uubbeerr.release.xcconfig"; path = "Target Support Files/Pods-Uubbeerr/Pods-Uubbeerr.release.xcconfig"; sourceTree = "<group>"; };
		35031E4428CE98E9000C2948 /* Extensions.swift */ = {isa = PBXFileReference; lastKnownFileType = sourcecode.swift; path = Extensions.swift; sourceTree = "<group>"; };
		35031E4628CEAC3A000C2948 /* AuthButton.swift */ = {isa = PBXFileReference; lastKnownFileType = sourcecode.swift; path = AuthButton.swift; sourceTree = "<group>"; };
		35031E4828CEB6D7000C2948 /* SignUpController.swift */ = {isa = PBXFileReference; lastKnownFileType = sourcecode.swift; path = SignUpController.swift; sourceTree = "<group>"; };
		350327A528D660C600009B1E /* RideActionView.swift */ = {isa = PBXFileReference; lastKnownFileType = sourcecode.swift; path = RideActionView.swift; sourceTree = "<group>"; };
		350327A728D68FA700009B1E /* Trip.swift */ = {isa = PBXFileReference; lastKnownFileType = sourcecode.swift; path = Trip.swift; sourceTree = "<group>"; };
		350327A928D6AEDC00009B1E /* PickUpController.swift */ = {isa = PBXFileReference; lastKnownFileType = sourcecode.swift; path = PickUpController.swift; sourceTree = "<group>"; };
		3534921F28CD788C009D3668 /* Uubbeerr.app */ = {isa = PBXFileReference; explicitFileType = wrapper.application; includeInIndex = 0; path = Uubbeerr.app; sourceTree = BUILT_PRODUCTS_DIR; };
		3534922228CD788C009D3668 /* AppDelegate.swift */ = {isa = PBXFileReference; lastKnownFileType = sourcecode.swift; path = AppDelegate.swift; sourceTree = "<group>"; };
		3534922428CD788C009D3668 /* SceneDelegate.swift */ = {isa = PBXFileReference; lastKnownFileType = sourcecode.swift; path = SceneDelegate.swift; sourceTree = "<group>"; };
		3534922928CD788C009D3668 /* Base */ = {isa = PBXFileReference; lastKnownFileType = file.storyboard; name = Base; path = Base.lproj/Main.storyboard; sourceTree = "<group>"; };
		3534922B28CD788D009D3668 /* Assets.xcassets */ = {isa = PBXFileReference; lastKnownFileType = folder.assetcatalog; path = Assets.xcassets; sourceTree = "<group>"; };
		3534922E28CD788D009D3668 /* Base */ = {isa = PBXFileReference; lastKnownFileType = file.storyboard; name = Base; path = Base.lproj/LaunchScreen.storyboard; sourceTree = "<group>"; };
		3534923028CD788D009D3668 /* Info.plist */ = {isa = PBXFileReference; lastKnownFileType = text.plist.xml; path = Info.plist; sourceTree = "<group>"; };
		3534923C28CD7EA3009D3668 /* LoginController.swift */ = {isa = PBXFileReference; lastKnownFileType = sourcecode.swift; path = LoginController.swift; sourceTree = "<group>"; };
		356B6F3828CFFF1F00181DD0 /* HomeController.swift */ = {isa = PBXFileReference; lastKnownFileType = sourcecode.swift; path = HomeController.swift; sourceTree = "<group>"; };
		356B6F3A28D0119900181DD0 /* LocationInputActivationView.swift */ = {isa = PBXFileReference; lastKnownFileType = sourcecode.swift; path = LocationInputActivationView.swift; sourceTree = "<group>"; };
		356B6F3C28D01C2900181DD0 /* LocationInputView.swift */ = {isa = PBXFileReference; lastKnownFileType = sourcecode.swift; path = LocationInputView.swift; sourceTree = "<group>"; };
		356B6F3E28D026F500181DD0 /* LocationCell.swift */ = {isa = PBXFileReference; lastKnownFileType = sourcecode.swift; path = LocationCell.swift; sourceTree = "<group>"; };
		356B6F4028D038F800181DD0 /* Service.swift */ = {isa = PBXFileReference; lastKnownFileType = sourcecode.swift; path = Service.swift; sourceTree = "<group>"; };
		356B6F4228D043AF00181DD0 /* User.swift */ = {isa = PBXFileReference; lastKnownFileType = sourcecode.swift; path = User.swift; sourceTree = "<group>"; };
		356B6F4428D049D200181DD0 /* LocationHandler.swift */ = {isa = PBXFileReference; lastKnownFileType = sourcecode.swift; path = LocationHandler.swift; sourceTree = "<group>"; };
		356B6F4628D1754F00181DD0 /* DriverAnnotation.swift */ = {isa = PBXFileReference; lastKnownFileType = sourcecode.swift; path = DriverAnnotation.swift; sourceTree = "<group>"; };
		3583594A28CFF58700D6C597 /* GoogleService-Info.plist */ = {isa = PBXFileReference; fileEncoding = 4; lastKnownFileType = text.plist.xml; path = "GoogleService-Info.plist"; sourceTree = "<group>"; };
		370F1B78B24C4C2D39BE107C /* Pods_Uubbeerr.framework */ = {isa = PBXFileReference; explicitFileType = wrapper.framework; includeInIndex = 0; path = Pods_Uubbeerr.framework; sourceTree = BUILT_PRODUCTS_DIR; };
		59CEFA83441037EA5BD7F547 /* Pods-Uubbeerr.debug.xcconfig */ = {isa = PBXFileReference; includeInIndex = 1; lastKnownFileType = text.xcconfig; name = "Pods-Uubbeerr.debug.xcconfig"; path = "Target Support Files/Pods-Uubbeerr/Pods-Uubbeerr.debug.xcconfig"; sourceTree = "<group>"; };
/* End PBXFileReference section */

/* Begin PBXFrameworksBuildPhase section */
		3534921C28CD788C009D3668 /* Frameworks */ = {
			isa = PBXFrameworksBuildPhase;
			buildActionMask = 2147483647;
			files = (
				38920C6186003C104D426DD9 /* Pods_Uubbeerr.framework in Frameworks */,
			);
			runOnlyForDeploymentPostprocessing = 0;
		};
/* End PBXFrameworksBuildPhase section */

/* Begin PBXGroup section */
		3534921628CD788C009D3668 = {
			isa = PBXGroup;
			children = (
				3534922128CD788C009D3668 /* Uubbeerr */,
				3534922028CD788C009D3668 /* Products */,
				83BD11E0C5EDFAA9FC77D0ED /* Pods */,
				AD033DB054A360EE2118F7F8 /* Frameworks */,
			);
			sourceTree = "<group>";
		};
		3534922028CD788C009D3668 /* Products */ = {
			isa = PBXGroup;
			children = (
				3534921F28CD788C009D3668 /* Uubbeerr.app */,
			);
			name = Products;
			sourceTree = "<group>";
		};
		3534922128CD788C009D3668 /* Uubbeerr */ = {
			isa = PBXGroup;
			children = (
				3534923A28CD7D7E009D3668 /* Model */,
				3534923928CD7D77009D3668 /* View */,
				3534923828CD7D71009D3668 /* Controller */,
				3534923728CD7D67009D3668 /* Service */,
				3534923628CD7D5F009D3668 /* Utils */,
				3534922228CD788C009D3668 /* AppDelegate.swift */,
				3534922428CD788C009D3668 /* SceneDelegate.swift */,
				3534922828CD788C009D3668 /* Main.storyboard */,
				3534922B28CD788D009D3668 /* Assets.xcassets */,
				3534922D28CD788D009D3668 /* LaunchScreen.storyboard */,
				3534923028CD788D009D3668 /* Info.plist */,
				3583594A28CFF58700D6C597 /* GoogleService-Info.plist */,
			);
			path = Uubbeerr;
			sourceTree = "<group>";
		};
		3534923628CD7D5F009D3668 /* Utils */ = {
			isa = PBXGroup;
			children = (
				35031E4428CE98E9000C2948 /* Extensions.swift */,
				356B6F4428D049D200181DD0 /* LocationHandler.swift */,
			);
			path = Utils;
			sourceTree = "<group>";
		};
		3534923728CD7D67009D3668 /* Service */ = {
			isa = PBXGroup;
			children = (
				356B6F4028D038F800181DD0 /* Service.swift */,
			);
			path = Service;
			sourceTree = "<group>";
		};
		3534923828CD7D71009D3668 /* Controller */ = {
			isa = PBXGroup;
			children = (
				3534923C28CD7EA3009D3668 /* LoginController.swift */,
				35031E4828CEB6D7000C2948 /* SignUpController.swift */,
				356B6F3828CFFF1F00181DD0 /* HomeController.swift */,
				350327A928D6AEDC00009B1E /* PickUpController.swift */,
			);
			path = Controller;
			sourceTree = "<group>";
		};
		3534923928CD7D77009D3668 /* View */ = {
			isa = PBXGroup;
			children = (
				35031E4628CEAC3A000C2948 /* AuthButton.swift */,
				356B6F3A28D0119900181DD0 /* LocationInputActivationView.swift */,
				356B6F3C28D01C2900181DD0 /* LocationInputView.swift */,
				356B6F3E28D026F500181DD0 /* LocationCell.swift */,
				350327A528D660C600009B1E /* RideActionView.swift */,
			);
			path = View;
			sourceTree = "<group>";
		};
		3534923A28CD7D7E009D3668 /* Model */ = {
			isa = PBXGroup;
			children = (
				356B6F4228D043AF00181DD0 /* User.swift */,
				356B6F4628D1754F00181DD0 /* DriverAnnotation.swift */,
				350327A728D68FA700009B1E /* Trip.swift */,
			);
			path = Model;
			sourceTree = "<group>";
		};
		83BD11E0C5EDFAA9FC77D0ED /* Pods */ = {
			isa = PBXGroup;
			children = (
				59CEFA83441037EA5BD7F547 /* Pods-Uubbeerr.debug.xcconfig */,
				1A2EB314EC49078441B76959 /* Pods-Uubbeerr.release.xcconfig */,
			);
			path = Pods;
			sourceTree = "<group>";
		};
		AD033DB054A360EE2118F7F8 /* Frameworks */ = {
			isa = PBXGroup;
			children = (
				370F1B78B24C4C2D39BE107C /* Pods_Uubbeerr.framework */,
			);
			name = Frameworks;
			sourceTree = "<group>";
		};
/* End PBXGroup section */

/* Begin PBXNativeTarget section */
		3534921E28CD788C009D3668 /* Uubbeerr */ = {
			isa = PBXNativeTarget;
			buildConfigurationList = 3534923328CD788D009D3668 /* Build configuration list for PBXNativeTarget "Uubbeerr" */;
			buildPhases = (
				9208D304A2ABD8BFD57D08D8 /* [CP] Check Pods Manifest.lock */,
				3534921B28CD788C009D3668 /* Sources */,
				3534921C28CD788C009D3668 /* Frameworks */,
				3534921D28CD788C009D3668 /* Resources */,
				24EA2F7AB922A36D94182178 /* [CP] Embed Pods Frameworks */,
			);
			buildRules = (
			);
			dependencies = (
			);
			name = Uubbeerr;
			productName = Uubbeerr;
			productReference = 3534921F28CD788C009D3668 /* Uubbeerr.app */;
			productType = "com.apple.product-type.application";
		};
/* End PBXNativeTarget section */

/* Begin PBXProject section */
		3534921728CD788C009D3668 /* Project object */ = {
			isa = PBXProject;
			attributes = {
				BuildIndependentTargetsInParallel = 1;
				LastSwiftUpdateCheck = 1340;
				LastUpgradeCheck = 1340;
				TargetAttributes = {
					3534921E28CD788C009D3668 = {
						CreatedOnToolsVersion = 13.4.1;
					};
				};
			};
			buildConfigurationList = 3534921A28CD788C009D3668 /* Build configuration list for PBXProject "Uubbeerr" */;
			compatibilityVersion = "Xcode 13.0";
			developmentRegion = en;
			hasScannedForEncodings = 0;
			knownRegions = (
				en,
				Base,
			);
			mainGroup = 3534921628CD788C009D3668;
			productRefGroup = 3534922028CD788C009D3668 /* Products */;
			projectDirPath = "";
			projectRoot = "";
			targets = (
				3534921E28CD788C009D3668 /* Uubbeerr */,
			);
		};
/* End PBXProject section */

/* Begin PBXResourcesBuildPhase section */
		3534921D28CD788C009D3668 /* Resources */ = {
			isa = PBXResourcesBuildPhase;
			buildActionMask = 2147483647;
			files = (
				3534922F28CD788D009D3668 /* LaunchScreen.storyboard in Resources */,
				3583594B28CFF58700D6C597 /* GoogleService-Info.plist in Resources */,
				3534922C28CD788D009D3668 /* Assets.xcassets in Resources */,
				3534922A28CD788C009D3668 /* Main.storyboard in Resources */,
			);
			runOnlyForDeploymentPostprocessing = 0;
		};
/* End PBXResourcesBuildPhase section */

/* Begin PBXShellScriptBuildPhase section */
		24EA2F7AB922A36D94182178 /* [CP] Embed Pods Frameworks */ = {
			isa = PBXShellScriptBuildPhase;
			buildActionMask = 2147483647;
			files = (
			);
			inputFileListPaths = (
				"${PODS_ROOT}/Target Support Files/Pods-Uubbeerr/Pods-Uubbeerr-frameworks-${CONFIGURATION}-input-files.xcfilelist",
			);
			name = "[CP] Embed Pods Frameworks";
			outputFileListPaths = (
				"${PODS_ROOT}/Target Support Files/Pods-Uubbeerr/Pods-Uubbeerr-frameworks-${CONFIGURATION}-output-files.xcfilelist",
			);
			runOnlyForDeploymentPostprocessing = 0;
			shellPath = /bin/sh;
			shellScript = "\"${PODS_ROOT}/Target Support Files/Pods-Uubbeerr/Pods-Uubbeerr-frameworks.sh\"\n";
			showEnvVarsInLog = 0;
		};
		9208D304A2ABD8BFD57D08D8 /* [CP] Check Pods Manifest.lock */ = {
			isa = PBXShellScriptBuildPhase;
			buildActionMask = 2147483647;
			files = (
			);
			inputFileListPaths = (
			);
			inputPaths = (
				"${PODS_PODFILE_DIR_PATH}/Podfile.lock",
				"${PODS_ROOT}/Manifest.lock",
			);
			name = "[CP] Check Pods Manifest.lock";
			outputFileListPaths = (
			);
			outputPaths = (
				"$(DERIVED_FILE_DIR)/Pods-Uubbeerr-checkManifestLockResult.txt",
			);
			runOnlyForDeploymentPostprocessing = 0;
			shellPath = /bin/sh;
			shellScript = "diff \"${PODS_PODFILE_DIR_PATH}/Podfile.lock\" \"${PODS_ROOT}/Manifest.lock\" > /dev/null\nif [ $? != 0 ] ; then\n    # print error to STDERR\n    echo \"error: The sandbox is not in sync with the Podfile.lock. Run 'pod install' or update your CocoaPods installation.\" >&2\n    exit 1\nfi\n# This output is used by Xcode 'outputs' to avoid re-running this script phase.\necho \"SUCCESS\" > \"${SCRIPT_OUTPUT_FILE_0}\"\n";
			showEnvVarsInLog = 0;
		};
/* End PBXShellScriptBuildPhase section */

/* Begin PBXSourcesBuildPhase section */
		3534921B28CD788C009D3668 /* Sources */ = {
			isa = PBXSourcesBuildPhase;
			buildActionMask = 2147483647;
			files = (
				3534923D28CD7EA3009D3668 /* LoginController.swift in Sources */,
				35031E4728CEAC3A000C2948 /* AuthButton.swift in Sources */,
				356B6F3928CFFF1F00181DD0 /* HomeController.swift in Sources */,
				356B6F3D28D01C2900181DD0 /* LocationInputView.swift in Sources */,
				350327A828D68FA700009B1E /* Trip.swift in Sources */,
				356B6F4728D1754F00181DD0 /* DriverAnnotation.swift in Sources */,
				3534922328CD788C009D3668 /* AppDelegate.swift in Sources */,
				350327AA28D6AEDC00009B1E /* PickUpController.swift in Sources */,
				3534922528CD788C009D3668 /* SceneDelegate.swift in Sources */,
				35031E4528CE98E9000C2948 /* Extensions.swift in Sources */,
				356B6F4528D049D200181DD0 /* LocationHandler.swift in Sources */,
				356B6F3B28D0119900181DD0 /* LocationInputActivationView.swift in Sources */,
				350327A628D660C600009B1E /* RideActionView.swift in Sources */,
				356B6F4328D043AF00181DD0 /* User.swift in Sources */,
				356B6F4128D038F800181DD0 /* Service.swift in Sources */,
				35031E4928CEB6D7000C2948 /* SignUpController.swift in Sources */,
				356B6F3F28D026F500181DD0 /* LocationCell.swift in Sources */,
			);
			runOnlyForDeploymentPostprocessing = 0;
		};
/* End PBXSourcesBuildPhase section */

/* Begin PBXVariantGroup section */
		3534922828CD788C009D3668 /* Main.storyboard */ = {
			isa = PBXVariantGroup;
			children = (
				3534922928CD788C009D3668 /* Base */,
			);
			name = Main.storyboard;
			sourceTree = "<group>";
		};
		3534922D28CD788D009D3668 /* LaunchScreen.storyboard */ = {
			isa = PBXVariantGroup;
			children = (
				3534922E28CD788D009D3668 /* Base */,
			);
			name = LaunchScreen.storyboard;
			sourceTree = "<group>";
		};
/* End PBXVariantGroup section */

/* Begin XCBuildConfiguration section */
		3534923128CD788D009D3668 /* Debug */ = {
			isa = XCBuildConfiguration;
			buildSettings = {
				ALWAYS_SEARCH_USER_PATHS = NO;
				CLANG_ANALYZER_NONNULL = YES;
				CLANG_ANALYZER_NUMBER_OBJECT_CONVERSION = YES_AGGRESSIVE;
				CLANG_CXX_LANGUAGE_STANDARD = "gnu++17";
				CLANG_ENABLE_MODULES = YES;
				CLANG_ENABLE_OBJC_ARC = YES;
				CLANG_ENABLE_OBJC_WEAK = YES;
				CLANG_WARN_BLOCK_CAPTURE_AUTORELEASING = YES;
				CLANG_WARN_BOOL_CONVERSION = YES;
				CLANG_WARN_COMMA = YES;
				CLANG_WARN_CONSTANT_CONVERSION = YES;
				CLANG_WARN_DEPRECATED_OBJC_IMPLEMENTATIONS = YES;
				CLANG_WARN_DIRECT_OBJC_ISA_USAGE = YES_ERROR;
				CLANG_WARN_DOCUMENTATION_COMMENTS = YES;
				CLANG_WARN_EMPTY_BODY = YES;
				CLANG_WARN_ENUM_CONVERSION = YES;
				CLANG_WARN_INFINITE_RECURSION = YES;
				CLANG_WARN_INT_CONVERSION = YES;
				CLANG_WARN_NON_LITERAL_NULL_CONVERSION = YES;
				CLANG_WARN_OBJC_IMPLICIT_RETAIN_SELF = YES;
				CLANG_WARN_OBJC_LITERAL_CONVERSION = YES;
				CLANG_WARN_OBJC_ROOT_CLASS = YES_ERROR;
				CLANG_WARN_QUOTED_INCLUDE_IN_FRAMEWORK_HEADER = YES;
				CLANG_WARN_RANGE_LOOP_ANALYSIS = YES;
				CLANG_WARN_STRICT_PROTOTYPES = YES;
				CLANG_WARN_SUSPICIOUS_MOVE = YES;
				CLANG_WARN_UNGUARDED_AVAILABILITY = YES_AGGRESSIVE;
				CLANG_WARN_UNREACHABLE_CODE = YES;
				CLANG_WARN__DUPLICATE_METHOD_MATCH = YES;
				COPY_PHASE_STRIP = NO;
				DEBUG_INFORMATION_FORMAT = dwarf;
				ENABLE_STRICT_OBJC_MSGSEND = YES;
				ENABLE_TESTABILITY = YES;
				GCC_C_LANGUAGE_STANDARD = gnu11;
				GCC_DYNAMIC_NO_PIC = NO;
				GCC_NO_COMMON_BLOCKS = YES;
				GCC_OPTIMIZATION_LEVEL = 0;
				GCC_PREPROCESSOR_DEFINITIONS = (
					"DEBUG=1",
					"$(inherited)",
				);
				GCC_WARN_64_TO_32_BIT_CONVERSION = YES;
				GCC_WARN_ABOUT_RETURN_TYPE = YES_ERROR;
				GCC_WARN_UNDECLARED_SELECTOR = YES;
				GCC_WARN_UNINITIALIZED_AUTOS = YES_AGGRESSIVE;
				GCC_WARN_UNUSED_FUNCTION = YES;
				GCC_WARN_UNUSED_VARIABLE = YES;
				IPHONEOS_DEPLOYMENT_TARGET = 15.5;
				MTL_ENABLE_DEBUG_INFO = INCLUDE_SOURCE;
				MTL_FAST_MATH = YES;
				ONLY_ACTIVE_ARCH = YES;
				SDKROOT = iphoneos;
				SWIFT_ACTIVE_COMPILATION_CONDITIONS = DEBUG;
				SWIFT_OPTIMIZATION_LEVEL = "-Onone";
			};
			name = Debug;
		};
		3534923228CD788D009D3668 /* Release */ = {
			isa = XCBuildConfiguration;
			buildSettings = {
				ALWAYS_SEARCH_USER_PATHS = NO;
				CLANG_ANALYZER_NONNULL = YES;
				CLANG_ANALYZER_NUMBER_OBJECT_CONVERSION = YES_AGGRESSIVE;
				CLANG_CXX_LANGUAGE_STANDARD = "gnu++17";
				CLANG_ENABLE_MODULES = YES;
				CLANG_ENABLE_OBJC_ARC = YES;
				CLANG_ENABLE_OBJC_WEAK = YES;
				CLANG_WARN_BLOCK_CAPTURE_AUTORELEASING = YES;
				CLANG_WARN_BOOL_CONVERSION = YES;
				CLANG_WARN_COMMA = YES;
				CLANG_WARN_CONSTANT_CONVERSION = YES;
				CLANG_WARN_DEPRECATED_OBJC_IMPLEMENTATIONS = YES;
				CLANG_WARN_DIRECT_OBJC_ISA_USAGE = YES_ERROR;
				CLANG_WARN_DOCUMENTATION_COMMENTS = YES;
				CLANG_WARN_EMPTY_BODY = YES;
				CLANG_WARN_ENUM_CONVERSION = YES;
				CLANG_WARN_INFINITE_RECURSION = YES;
				CLANG_WARN_INT_CONVERSION = YES;
				CLANG_WARN_NON_LITERAL_NULL_CONVERSION = YES;
				CLANG_WARN_OBJC_IMPLICIT_RETAIN_SELF = YES;
				CLANG_WARN_OBJC_LITERAL_CONVERSION = YES;
				CLANG_WARN_OBJC_ROOT_CLASS = YES_ERROR;
				CLANG_WARN_QUOTED_INCLUDE_IN_FRAMEWORK_HEADER = YES;
				CLANG_WARN_RANGE_LOOP_ANALYSIS = YES;
				CLANG_WARN_STRICT_PROTOTYPES = YES;
				CLANG_WARN_SUSPICIOUS_MOVE = YES;
				CLANG_WARN_UNGUARDED_AVAILABILITY = YES_AGGRESSIVE;
				CLANG_WARN_UNREACHABLE_CODE = YES;
				CLANG_WARN__DUPLICATE_METHOD_MATCH = YES;
				COPY_PHASE_STRIP = NO;
				DEBUG_INFORMATION_FORMAT = "dwarf-with-dsym";
				ENABLE_NS_ASSERTIONS = NO;
				ENABLE_STRICT_OBJC_MSGSEND = YES;
				GCC_C_LANGUAGE_STANDARD = gnu11;
				GCC_NO_COMMON_BLOCKS = YES;
				GCC_WARN_64_TO_32_BIT_CONVERSION = YES;
				GCC_WARN_ABOUT_RETURN_TYPE = YES_ERROR;
				GCC_WARN_UNDECLARED_SELECTOR = YES;
				GCC_WARN_UNINITIALIZED_AUTOS = YES_AGGRESSIVE;
				GCC_WARN_UNUSED_FUNCTION = YES;
				GCC_WARN_UNUSED_VARIABLE = YES;
				IPHONEOS_DEPLOYMENT_TARGET = 15.5;
				MTL_ENABLE_DEBUG_INFO = NO;
				MTL_FAST_MATH = YES;
				SDKROOT = iphoneos;
				SWIFT_COMPILATION_MODE = wholemodule;
				SWIFT_OPTIMIZATION_LEVEL = "-O";
				VALIDATE_PRODUCT = YES;
			};
			name = Release;
		};
		3534923428CD788D009D3668 /* Debug */ = {
			isa = XCBuildConfiguration;
			baseConfigurationReference = 59CEFA83441037EA5BD7F547 /* Pods-Uubbeerr.debug.xcconfig */;
			buildSettings = {
				ASSETCATALOG_COMPILER_APPICON_NAME = AppIcon;
				ASSETCATALOG_COMPILER_GLOBAL_ACCENT_COLOR_NAME = AccentColor;
				CODE_SIGN_STYLE = Automatic;
				CURRENT_PROJECT_VERSION = 1;
				DEVELOPMENT_TEAM = 5Z9T3A72PT;
				GENERATE_INFOPLIST_FILE = YES;
				INFOPLIST_FILE = Uubbeerr/Info.plist;
				INFOPLIST_KEY_UIApplicationSupportsIndirectInputEvents = YES;
				INFOPLIST_KEY_UILaunchStoryboardName = LaunchScreen;
				INFOPLIST_KEY_UIMainStoryboardFile = Main;
				INFOPLIST_KEY_UISupportedInterfaceOrientations_iPad = "UIInterfaceOrientationPortrait UIInterfaceOrientationPortraitUpsideDown UIInterfaceOrientationLandscapeLeft UIInterfaceOrientationLandscapeRight";
				INFOPLIST_KEY_UISupportedInterfaceOrientations_iPhone = "UIInterfaceOrientationPortrait UIInterfaceOrientationLandscapeLeft UIInterfaceOrientationLandscapeRight";
				IPHONEOS_DEPLOYMENT_TARGET = 15.4;
				LD_RUNPATH_SEARCH_PATHS = (
					"$(inherited)",
					"@executable_path/Frameworks",
				);
				MARKETING_VERSION = 1.0;
				PRODUCT_BUNDLE_IDENTIFIER = com.alex.Uubbeerr;
				PRODUCT_NAME = "$(TARGET_NAME)";
				SWIFT_EMIT_LOC_STRINGS = YES;
				SWIFT_VERSION = 5.0;
				TARGETED_DEVICE_FAMILY = "1,2";
			};
			name = Debug;
		};
		3534923528CD788D009D3668 /* Release */ = {
			isa = XCBuildConfiguration;
			baseConfigurationReference = 1A2EB314EC49078441B76959 /* Pods-Uubbeerr.release.xcconfig */;
			buildSettings = {
				ASSETCATALOG_COMPILER_APPICON_NAME = AppIcon;
				ASSETCATALOG_COMPILER_GLOBAL_ACCENT_COLOR_NAME = AccentColor;
				CODE_SIGN_STYLE = Automatic;
				CURRENT_PROJECT_VERSION = 1;
				DEVELOPMENT_TEAM = 5Z9T3A72PT;
				GENERATE_INFOPLIST_FILE = YES;
				INFOPLIST_FILE = Uubbeerr/Info.plist;
				INFOPLIST_KEY_UIApplicationSupportsIndirectInputEvents = YES;
				INFOPLIST_KEY_UILaunchStoryboardName = LaunchScreen;
				INFOPLIST_KEY_UIMainStoryboardFile = Main;
				INFOPLIST_KEY_UISupportedInterfaceOrientations_iPad = "UIInterfaceOrientationPortrait UIInterfaceOrientationPortraitUpsideDown UIInterfaceOrientationLandscapeLeft UIInterfaceOrientationLandscapeRight";
				INFOPLIST_KEY_UISupportedInterfaceOrientations_iPhone = "UIInterfaceOrientationPortrait UIInterfaceOrientationLandscapeLeft UIInterfaceOrientationLandscapeRight";
				IPHONEOS_DEPLOYMENT_TARGET = 15.4;
				LD_RUNPATH_SEARCH_PATHS = (
					"$(inherited)",
					"@executable_path/Frameworks",
				);
				MARKETING_VERSION = 1.0;
				PRODUCT_BUNDLE_IDENTIFIER = com.alex.Uubbeerr;
				PRODUCT_NAME = "$(TARGET_NAME)";
				SWIFT_EMIT_LOC_STRINGS = YES;
				SWIFT_VERSION = 5.0;
				TARGETED_DEVICE_FAMILY = "1,2";
			};
			name = Release;
		};
/* End XCBuildConfiguration section */

/* Begin XCConfigurationList section */
		3534921A28CD788C009D3668 /* Build configuration list for PBXProject "Uubbeerr" */ = {
			isa = XCConfigurationList;
			buildConfigurations = (
				3534923128CD788D009D3668 /* Debug */,
				3534923228CD788D009D3668 /* Release */,
			);
			defaultConfigurationIsVisible = 0;
			defaultConfigurationName = Release;
		};
		3534923328CD788D009D3668 /* Build configuration list for PBXNativeTarget "Uubbeerr" */ = {
			isa = XCConfigurationList;
			buildConfigurations = (
				3534923428CD788D009D3668 /* Debug */,
				3534923528CD788D009D3668 /* Release */,
			);
			defaultConfigurationIsVisible = 0;
			defaultConfigurationName = Release;
		};
/* End XCConfigurationList section */
	};
	rootObject = 3534921728CD788C009D3668 /* Project object */;
}
